<Solution>
  <Project Path="EchidnaJav.Core/EchidnaJav.Core.csproj" Id="bce62d11-e77b-41a1-bf7f-de4fcfbd1716" />
  <Project Path="EchidnaJav.Scraper/EchidnaJav.Scraper.csproj" Id="17e9450f-b042-42f5-aed6-3e8c93313e5b" />
  <Project Path="EchidnaJav/EchidnaJav.csproj">
    <Deploy />
  </Project>
  <Project Path="EchidnaJavTest/EchidnaJav.Test.csproj" Id="8aa90a75-99bd-4c1c-a5de-f806b7b910c9" />
</Solution>
